{
  "name": "test",
  "version": "1.0.0",
  "lockfileVersion": 2,
  "requires": true,
  "packages": {
    "": {
      "name": "test",
      "version": "1.0.0",
      "license": "ISC",
      "dependencies": {
        "gltfloader-plugin-test": "^1.0.0"
      }
    },
    "node_modules/@types/three": {
      "version": "0.140.0",
      "resolved": "https://registry.npmjs.org/@types/three/-/three-0.140.0.tgz",
      "integrity": "sha512-YPJLSIY6uKUOp1k6BZYDq5GtEIdhfeK04UCbc9IPAVbdn/RNjkfrbnyd7smrsNkJhc0IFASLpd3AAYgwqgXKVQ=="
    },
    "node_modules/gltfloader-plugin-test": {
      "version": "1.0.0",
      "resolved": "https://registry.npmjs.org/gltfloader-plugin-test/-/gltfloader-plugin-test-1.0.0.tgz",
      "integrity": "sha512-pfGOscyFs1xGbC4GOpr1bWQSoelHCAtgIeYXVjyF3FoGpIu2/t28rOsD4jDpb6UqTxzVr4prnjZrKBL8lrTuSQ==",
      "dependencies": {
        "@types/three": "^0.140.0",
        "three": "^0.140.2"
      }
    },
    "node_modules/three": {
      "version": "0.140.2",
      "resolved": "https://registry.npmjs.org/three/-/three-0.140.2.tgz",
      "integrity": "sha512-DdT/AHm/TbZXEhQKQpGt5/iSgBrmXpjU26FNtj1KhllVPTKj1eG4X/ShyD5W2fngE+I1s1wa4ttC4C3oCJt7Ag=="
    }
  },
  "dependencies": {
    "@types/three": {
      "version": "0.140.0",
      "resolved": "https://registry.npmjs.org/@types/three/-/three-0.140.0.tgz",
      "integrity": "sha512-YPJLSIY6uKUOp1k6BZYDq5GtEIdhfeK04UCbc9IPAVbdn/RNjkfrbnyd7smrsNkJhc0IFASLpd3AAYgwqgXKVQ=="
    },
    "gltfloader-plugin-test": {
      "version": "1.0.0",
      "resolved": "https://registry.npmjs.org/gltfloader-plugin-test/-/gltfloader-plugin-test-1.0.0.tgz",
      "integrity": "sha512-pfGOscyFs1xGbC4GOpr1bWQSoelHCAtgIeYXVjyF3FoGpIu2/t28rOsD4jDpb6UqTxzVr4prnjZrKBL8lrTuSQ==",
      "requires": {
        "@types/three": "^0.140.0",
        "three": "^0.140.2"
      }
    },
    "three": {
      "version": "0.140.2",
      "resolved": "https://registry.npmjs.org/three/-/three-0.140.2.tgz",
      "integrity": "sha512-DdT/AHm/TbZXEhQKQpGt5/iSgBrmXpjU26FNtj1KhllVPTKj1eG4X/ShyD5W2fngE+I1s1wa4ttC4C3oCJt7Ag=="
    }
  }
}
